
Microsoft Visual Studio Solution File, Format Version 12.00
# Visual Studio Version 16
VisualStudioVersion = 16.0.30803.129
MinimumVisualStudioVersion = 10.0.40219.1
Project("{FAE04EC0-301F-11D3-BF4B-00C04F79EFBC}") = "Ighan.Analitics.WebAPI", "Ighan.Analitics.WebAPI\Ighan.Analitics.WebAPI.csproj", "{896A7FA1-F1C2-4F8C-B870-619B2C1231BE}"
EndProject
Project("{FAE04EC0-301F-11D3-BF4B-00C04F79EFBC}") = "Ighan.Analitics.DataAccessLayer", "Ighan.Analitics.DataAccessLayer\Ighan.Analitics.DataAccessLayer.csproj", "{942FE507-CA67-4A64-8634-CEA02040B156}"
EndProject
Project("{FAE04EC0-301F-11D3-BF4B-00C04F79EFBC}") = "Ighan.Analitics.StorageModels", "Ighan.Analitics.StorageModels\Ighan.Analitics.StorageModels.csproj", "{6D88FF41-0FBD-403E-8419-B2C90F4F747B}"
EndProject
Global
	GlobalSection(SolutionConfigurationPlatforms) = preSolution
		Debug|Any CPU = Debug|Any CPU
		Release|Any CPU = Release|Any CPU
	EndGlobalSection
	GlobalSection(ProjectConfigurationPlatforms) = postSolution
		{896A7FA1-F1C2-4F8C-B870-619B2C1231BE}.Debug|Any CPU.ActiveCfg = Debug|Any CPU
		{896A7FA1-F1C2-4F8C-B870-619B2C1231BE}.Debug|Any CPU.Build.0 = Debug|Any CPU
		{896A7FA1-F1C2-4F8C-B870-619B2C1231BE}.Release|Any CPU.ActiveCfg = Release|Any CPU
		{896A7FA1-F1C2-4F8C-B870-619B2C1231BE}.Release|Any CPU.Build.0 = Release|Any CPU
		{942FE507-CA67-4A64-8634-CEA02040B156}.Debug|Any CPU.ActiveCfg = Debug|Any CPU
		{942FE507-CA67-4A64-8634-CEA02040B156}.Debug|Any CPU.Build.0 = Debug|Any CPU
		{942FE507-CA67-4A64-8634-CEA02040B156}.Release|Any CPU.ActiveCfg = Release|Any CPU
		{942FE507-CA67-4A64-8634-CEA02040B156}.Release|Any CPU.Build.0 = Release|Any CPU
		{6D88FF41-0FBD-403E-8419-B2C90F4F747B}.Debug|Any CPU.ActiveCfg = Debug|Any CPU
		{6D88FF41-0FBD-403E-8419-B2C90F4F747B}.Debug|Any CPU.Build.0 = Debug|Any CPU
		{6D88FF41-0FBD-403E-8419-B2C90F4F747B}.Release|Any CPU.ActiveCfg = Release|Any CPU
		{6D88FF41-0FBD-403E-8419-B2C90F4F747B}.Release|Any CPU.Build.0 = Release|Any CPU
	EndGlobalSection
	GlobalSection(SolutionProperties) = preSolution
		HideSolutionNode = FALSE
	EndGlobalSection
	GlobalSection(ExtensibilityGlobals) = postSolution
		SolutionGuid = {6997FC91-6DAD-40AD-9771-A0B8F5C83631}
	EndGlobalSection
EndGlobal
